
Microsoft Visual Studio Solution File, Format Version 12.00
# Visual Studio 15
VisualStudioVersion = 15.0.28307.168
MinimumVisualStudioVersion = 10.0.40219.1
Project("{FAE04EC0-301F-11D3-BF4B-00C04F79EFBC}") = "smartTV", "smartTV\smartTV.csproj", "{C985789C-3566-4A4D-B64D-EAB315E5B616}"
EndProject
Global
	GlobalSection(SolutionConfigurationPlatforms) = preSolution
		Debug|Any CPU = Debug|Any CPU
		Debug|x64 = Debug|x64
		Release|Any CPU = Release|Any CPU
		Release|x64 = Release|x64
	EndGlobalSection
	GlobalSection(ProjectConfigurationPlatforms) = postSolution
		{C985789C-3566-4A4D-B64D-EAB315E5B616}.Debug|Any CPU.ActiveCfg = Debug|Any CPU
		{C985789C-3566-4A4D-B64D-EAB315E5B616}.Debug|Any CPU.Build.0 = Debug|Any CPU
		{C985789C-3566-4A4D-B64D-EAB315E5B616}.Debug|x64.ActiveCfg = Debug|x64
		{C985789C-3566-4A4D-B64D-EAB315E5B616}.Debug|x64.Build.0 = Debug|x64
		{C985789C-3566-4A4D-B64D-EAB315E5B616}.Release|Any CPU.ActiveCfg = Release|Any CPU
		{C985789C-3566-4A4D-B64D-EAB315E5B616}.Release|Any CPU.Build.0 = Release|Any CPU
		{C985789C-3566-4A4D-B64D-EAB315E5B616}.Release|x64.ActiveCfg = Release|x64
		{C985789C-3566-4A4D-B64D-EAB315E5B616}.Release|x64.Build.0 = Release|x64
	EndGlobalSection
	GlobalSection(SolutionProperties) = preSolution
		HideSolutionNode = FALSE
	EndGlobalSection
	GlobalSection(ExtensibilityGlobals) = postSolution
		SolutionGuid = {DBAFE290-5573-429F-88DC-72A2431392E3}
	EndGlobalSection
EndGlobal
